
Microsoft Visual Studio Solution File, Format Version 12.00
# Visual Studio Version 17
VisualStudioVersion = 17.11.35222.181
MinimumVisualStudioVersion = 10.0.40219.1
Project("{FAE04EC0-301F-11D3-BF4B-00C04F79EFBC}") = "API_HOSOBENHAN", "API_HOSOBENHAN\API_HOSOBENHAN.csproj", "{DDDC87B2-D7F7-42C0-9F58-DD9D1D8FF327}"
EndProject
Project("{FAE04EC0-301F-11D3-BF4B-00C04F79EFBC}") = "HOSOBENHAN", "HOSOBENHAN\HOSOBENHAN.csproj", "{3889F91E-F7AD-4DF4-AF0A-FE59EA24AED3}"
EndProject
Global
	GlobalSection(SolutionConfigurationPlatforms) = preSolution
		Debug|Any CPU = Debug|Any CPU
		Release|Any CPU = Release|Any CPU
	EndGlobalSection
	GlobalSection(ProjectConfigurationPlatforms) = postSolution
		{DDDC87B2-D7F7-42C0-9F58-DD9D1D8FF327}.Debug|Any CPU.ActiveCfg = Debug|Any CPU
		{DDDC87B2-D7F7-42C0-9F58-DD9D1D8FF327}.Debug|Any CPU.Build.0 = Debug|Any CPU
		{DDDC87B2-D7F7-42C0-9F58-DD9D1D8FF327}.Release|Any CPU.ActiveCfg = Release|Any CPU
		{DDDC87B2-D7F7-42C0-9F58-DD9D1D8FF327}.Release|Any CPU.Build.0 = Release|Any CPU
		{3889F91E-F7AD-4DF4-AF0A-FE59EA24AED3}.Debug|Any CPU.ActiveCfg = Debug|Any CPU
		{3889F91E-F7AD-4DF4-AF0A-FE59EA24AED3}.Debug|Any CPU.Build.0 = Debug|Any CPU
		{3889F91E-F7AD-4DF4-AF0A-FE59EA24AED3}.Release|Any CPU.ActiveCfg = Release|Any CPU
		{3889F91E-F7AD-4DF4-AF0A-FE59EA24AED3}.Release|Any CPU.Build.0 = Release|Any CPU
	EndGlobalSection
	GlobalSection(SolutionProperties) = preSolution
		HideSolutionNode = FALSE
	EndGlobalSection
	GlobalSection(ExtensibilityGlobals) = postSolution
		SolutionGuid = {590C812B-9A4C-43B5-90DD-175F66D3D54A}
	EndGlobalSection
EndGlobal
